{
    "name": "ps-tools",
    "version": "1.0.0",
    "lockfileVersion": 3,
    "requires": true,
    "packages": {
        "": {
            "name": "ps-tools",
            "version": "1.0.0",
            "license": "ISC",
            "dependencies": {
                "photoshop-script-api": "^1.0.4",
                "types-for-adobe": "^7.2.5"
            }
        },
        "node_modules/cep-shim": {
            "version": "4.5.12",
            "resolved": "https://registry.npmjs.org/cep-shim/-/cep-shim-4.5.12.tgz",
            "integrity": "sha512-CRtyfx5ToTWCF0e/yxB0dUvrOcDhAhJPGAR+WFsFOGztJ+qf4uoZ6nY17+mJYhK5I1VrSzMYa3TqtLaULGhYkA==",
            "license": "MIT",
            "engines": {
                "node": ">=0.4.0"
            }
        },
        "node_modules/extendscript-es5-shim": {
            "version": "0.3.1",
            "resolved": "https://registry.npmjs.org/extendscript-es5-shim/-/extendscript-es5-shim-0.3.1.tgz",
            "integrity": "sha512-mCnq5G1xe+jHG2ob6Qt5kEqACNAsje7ppYTLethSAlWTZ+zRgOlNFsRkkVcgKw5xJJsM4iE70jHMhn1iD0xa6Q==",
            "license": "MIT"
        },
        "node_modules/photoshop-script-api": {
            "version": "1.0.4",
            "resolved": "https://registry.npmjs.org/photoshop-script-api/-/photoshop-script-api-1.0.4.tgz",
            "integrity": "sha512-bBRzkTrmI+yhEFRke/2p5ABHvBF1eqo3a4E58p2+It8QPYKgJhDt86c33Xe2XJ/P0SlrK9phb9BUu/V8MCe8zA==",
            "license": "ISC",
            "dependencies": {
                "cep-shim": "^4.5.12",
                "extendscript-es5-shim": "^0.3.1"
            }
        },
        "node_modules/types-for-adobe": {
            "version": "7.2.5",
            "resolved": "https://registry.npmjs.org/types-for-adobe/-/types-for-adobe-7.2.5.tgz",
            "integrity": "sha512-QUoHmjFbA/g+DnFMYwcNcGczDgcPmbtIYcmfDQZEUmtLK51W91BUlyMOdRUyuxQ8VjNuvROAjbORCz8iaML4hg==",
            "license": "MIT"
        }
    }
}
